
Microsoft Visual Studio Solution File, Format Version 12.00
# Visual Studio Version 16
VisualStudioVersion = 16.0.31624.102
MinimumVisualStudioVersion = 10.0.40219.1
Project("{FAE04EC0-301F-11D3-BF4B-00C04F79EFBC}") = "Loopar", "Loopar.csproj", "{946B3BB8-700C-4C9A-A4F6-434CF66F322F}"
EndProject
Global
	GlobalSection(SolutionConfigurationPlatforms) = preSolution
		Debug|Any CPU = Debug|Any CPU
		Release|Any CPU = Release|Any CPU
	EndGlobalSection
	GlobalSection(ProjectConfigurationPlatforms) = postSolution
		{946B3BB8-700C-4C9A-A4F6-434CF66F322F}.Debug|Any CPU.ActiveCfg = Debug|Any CPU
		{946B3BB8-700C-4C9A-A4F6-434CF66F322F}.Debug|Any CPU.Build.0 = Debug|Any CPU
		{946B3BB8-700C-4C9A-A4F6-434CF66F322F}.Release|Any CPU.ActiveCfg = Release|Any CPU
		{946B3BB8-700C-4C9A-A4F6-434CF66F322F}.Release|Any CPU.Build.0 = Release|Any CPU
	EndGlobalSection
	GlobalSection(SolutionProperties) = preSolution
		HideSolutionNode = FALSE
	EndGlobalSection
	GlobalSection(ExtensibilityGlobals) = postSolution
		SolutionGuid = {D2508E4B-7844-426D-A91F-75980BC2B82C}
	EndGlobalSection
EndGlobal
