
Microsoft Visual Studio Solution File, Format Version 12.00
# Visual Studio Version 16
VisualStudioVersion = 16.0.31613.86
MinimumVisualStudioVersion = 10.0.40219.1
Project("{FAE04EC0-301F-11D3-BF4B-00C04F79EFBC}") = "EggsAndMilk", "EggsAndMilk.csproj", "{D038AA8C-9667-4154-82FA-0431F098DAC2}"
EndProject
Global
	GlobalSection(SolutionConfigurationPlatforms) = preSolution
		Debug|Any CPU = Debug|Any CPU
		Release|Any CPU = Release|Any CPU
	EndGlobalSection
	GlobalSection(ProjectConfigurationPlatforms) = postSolution
		{D038AA8C-9667-4154-82FA-0431F098DAC2}.Debug|Any CPU.ActiveCfg = Debug|Any CPU
		{D038AA8C-9667-4154-82FA-0431F098DAC2}.Debug|Any CPU.Build.0 = Debug|Any CPU
		{D038AA8C-9667-4154-82FA-0431F098DAC2}.Release|Any CPU.ActiveCfg = Release|Any CPU
		{D038AA8C-9667-4154-82FA-0431F098DAC2}.Release|Any CPU.Build.0 = Release|Any CPU
	EndGlobalSection
	GlobalSection(SolutionProperties) = preSolution
		HideSolutionNode = FALSE
	EndGlobalSection
	GlobalSection(ExtensibilityGlobals) = postSolution
		SolutionGuid = {484B5E38-A67C-42B2-9281-B3B301C9C126}
	EndGlobalSection
EndGlobal
