
Microsoft Visual Studio Solution File, Format Version 12.00
# Visual Studio Version 16
VisualStudioVersion = 16.0.28922.388
MinimumVisualStudioVersion = 10.0.40219.1
Project("{9A19103F-16F7-4668-BE54-9A1E7A4F7556}") = "MethodsAndLists.Test", "MethodsAndLists.Test\MethodsAndLists.Test.csproj", "{B4F2D752-4A76-4FCE-9B2E-6594A127747E}"
EndProject
Project("{9A19103F-16F7-4668-BE54-9A1E7A4F7556}") = "MethodsAndLists.Core", "MethodsAndLists.Core\MethodsAndLists.Core.csproj", "{5869E215-34DB-4100-A2EF-1D07FF2A5C0B}"
EndProject
Project("{2150E333-8FDC-42A3-9474-1A3956D46DE8}") = "Solution Items", "Solution Items", "{DCB2DCC2-A06F-48EB-B19A-14042BF80291}"
	ProjectSection(SolutionItems) = preProject
		Plan.md = Plan.md
	EndProjectSection
EndProject
Global
	GlobalSection(SolutionConfigurationPlatforms) = preSolution
		Debug|Any CPU = Debug|Any CPU
		Release|Any CPU = Release|Any CPU
	EndGlobalSection
	GlobalSection(ProjectConfigurationPlatforms) = postSolution
		{B4F2D752-4A76-4FCE-9B2E-6594A127747E}.Debug|Any CPU.ActiveCfg = Debug|Any CPU
		{B4F2D752-4A76-4FCE-9B2E-6594A127747E}.Debug|Any CPU.Build.0 = Debug|Any CPU
		{B4F2D752-4A76-4FCE-9B2E-6594A127747E}.Release|Any CPU.ActiveCfg = Release|Any CPU
		{B4F2D752-4A76-4FCE-9B2E-6594A127747E}.Release|Any CPU.Build.0 = Release|Any CPU
		{5869E215-34DB-4100-A2EF-1D07FF2A5C0B}.Debug|Any CPU.ActiveCfg = Debug|Any CPU
		{5869E215-34DB-4100-A2EF-1D07FF2A5C0B}.Debug|Any CPU.Build.0 = Debug|Any CPU
		{5869E215-34DB-4100-A2EF-1D07FF2A5C0B}.Release|Any CPU.ActiveCfg = Release|Any CPU
		{5869E215-34DB-4100-A2EF-1D07FF2A5C0B}.Release|Any CPU.Build.0 = Release|Any CPU
	EndGlobalSection
	GlobalSection(SolutionProperties) = preSolution
		HideSolutionNode = FALSE
	EndGlobalSection
	GlobalSection(ExtensibilityGlobals) = postSolution
		SolutionGuid = {13906299-3172-4E1E-A5B2-8B0BA449B205}
	EndGlobalSection
EndGlobal
