
Microsoft Visual Studio Solution File, Format Version 12.00
# Visual Studio Version 16
VisualStudioVersion = 16.0.31624.102
MinimumVisualStudioVersion = 10.0.40219.1
Project("{FAE04EC0-301F-11D3-BF4B-00C04F79EFBC}") = "Labyrintho", "Labyrintho.csproj", "{E4281BE6-29FF-4750-8144-70161E484DC8}"
EndProject
Global
	GlobalSection(SolutionConfigurationPlatforms) = preSolution
		Debug|Any CPU = Debug|Any CPU
		Release|Any CPU = Release|Any CPU
	EndGlobalSection
	GlobalSection(ProjectConfigurationPlatforms) = postSolution
		{E4281BE6-29FF-4750-8144-70161E484DC8}.Debug|Any CPU.ActiveCfg = Debug|Any CPU
		{E4281BE6-29FF-4750-8144-70161E484DC8}.Debug|Any CPU.Build.0 = Debug|Any CPU
		{E4281BE6-29FF-4750-8144-70161E484DC8}.Release|Any CPU.ActiveCfg = Release|Any CPU
		{E4281BE6-29FF-4750-8144-70161E484DC8}.Release|Any CPU.Build.0 = Release|Any CPU
	EndGlobalSection
	GlobalSection(SolutionProperties) = preSolution
		HideSolutionNode = FALSE
	EndGlobalSection
	GlobalSection(ExtensibilityGlobals) = postSolution
		SolutionGuid = {41C6AB26-CFBC-4C9E-8A3D-37ADD0DA4B4A}
	EndGlobalSection
EndGlobal
