
Microsoft Visual Studio Solution File, Format Version 12.00
# Visual Studio Version 16
VisualStudioVersion = 16.0.31613.86
MinimumVisualStudioVersion = 10.0.40219.1
Project("{FAE04EC0-301F-11D3-BF4B-00C04F79EFBC}") = "gruppuppgift-210917", "gruppuppgift-210917.csproj", "{99A103C9-2432-4545-8D88-937E2FA89239}"
EndProject
Global
	GlobalSection(SolutionConfigurationPlatforms) = preSolution
		Debug|Any CPU = Debug|Any CPU
		Release|Any CPU = Release|Any CPU
	EndGlobalSection
	GlobalSection(ProjectConfigurationPlatforms) = postSolution
		{99A103C9-2432-4545-8D88-937E2FA89239}.Debug|Any CPU.ActiveCfg = Debug|Any CPU
		{99A103C9-2432-4545-8D88-937E2FA89239}.Debug|Any CPU.Build.0 = Debug|Any CPU
		{99A103C9-2432-4545-8D88-937E2FA89239}.Release|Any CPU.ActiveCfg = Release|Any CPU
		{99A103C9-2432-4545-8D88-937E2FA89239}.Release|Any CPU.Build.0 = Release|Any CPU
	EndGlobalSection
	GlobalSection(SolutionProperties) = preSolution
		HideSolutionNode = FALSE
	EndGlobalSection
	GlobalSection(ExtensibilityGlobals) = postSolution
		SolutionGuid = {C4503652-9E0D-4818-B83B-AF74AF420EE9}
	EndGlobalSection
EndGlobal
