
Microsoft Visual Studio Solution File, Format Version 12.00
# Visual Studio Version 17
VisualStudioVersion = 17.1.31911.260
MinimumVisualStudioVersion = 10.0.40219.1
Project("{FAE04EC0-301F-11D3-BF4B-00C04F79EFBC}") = "StudentPlatformEntityFramework", "StudentPlatformEntityFramework.csproj", "{F0531CB4-E42F-449A-BEBE-66DDEA9BD48D}"
EndProject
Global
	GlobalSection(SolutionConfigurationPlatforms) = preSolution
		Debug|Any CPU = Debug|Any CPU
		Release|Any CPU = Release|Any CPU
	EndGlobalSection
	GlobalSection(ProjectConfigurationPlatforms) = postSolution
		{F0531CB4-E42F-449A-BEBE-66DDEA9BD48D}.Debug|Any CPU.ActiveCfg = Debug|Any CPU
		{F0531CB4-E42F-449A-BEBE-66DDEA9BD48D}.Debug|Any CPU.Build.0 = Debug|Any CPU
		{F0531CB4-E42F-449A-BEBE-66DDEA9BD48D}.Release|Any CPU.ActiveCfg = Release|Any CPU
		{F0531CB4-E42F-449A-BEBE-66DDEA9BD48D}.Release|Any CPU.Build.0 = Release|Any CPU
	EndGlobalSection
	GlobalSection(SolutionProperties) = preSolution
		HideSolutionNode = FALSE
	EndGlobalSection
	GlobalSection(ExtensibilityGlobals) = postSolution
		SolutionGuid = {3AB31604-1B8F-4F40-8CE9-4621468E0A90}
	EndGlobalSection
EndGlobal
