
Microsoft Visual Studio Solution File, Format Version 12.00
# Visual Studio Version 16
VisualStudioVersion = 16.0.31624.102
MinimumVisualStudioVersion = 10.0.40219.1
Project("{FAE04EC0-301F-11D3-BF4B-00C04F79EFBC}") = "CodePrinciples", "CodePrinciples.csproj", "{CFF1AA69-B3B0-4851-81B7-B4CBA98699A7}"
EndProject
Global
	GlobalSection(SolutionConfigurationPlatforms) = preSolution
		Debug|Any CPU = Debug|Any CPU
		Release|Any CPU = Release|Any CPU
	EndGlobalSection
	GlobalSection(ProjectConfigurationPlatforms) = postSolution
		{CFF1AA69-B3B0-4851-81B7-B4CBA98699A7}.Debug|Any CPU.ActiveCfg = Debug|Any CPU
		{CFF1AA69-B3B0-4851-81B7-B4CBA98699A7}.Debug|Any CPU.Build.0 = Debug|Any CPU
		{CFF1AA69-B3B0-4851-81B7-B4CBA98699A7}.Release|Any CPU.ActiveCfg = Release|Any CPU
		{CFF1AA69-B3B0-4851-81B7-B4CBA98699A7}.Release|Any CPU.Build.0 = Release|Any CPU
	EndGlobalSection
	GlobalSection(SolutionProperties) = preSolution
		HideSolutionNode = FALSE
	EndGlobalSection
	GlobalSection(ExtensibilityGlobals) = postSolution
		SolutionGuid = {36CE0FA3-6CFF-445C-BCA3-220423A5C7BB}
	EndGlobalSection
EndGlobal
