
Microsoft Visual Studio Solution File, Format Version 12.00
# Visual Studio Version 16
VisualStudioVersion = 16.0.31702.278
MinimumVisualStudioVersion = 10.0.40219.1
Project("{FAE04EC0-301F-11D3-BF4B-00C04F79EFBC}") = "PostalService", "PostalService.csproj", "{EB4E17A1-0943-4026-9EED-B66C6CF738B0}"
EndProject
Global
	GlobalSection(SolutionConfigurationPlatforms) = preSolution
		Debug|Any CPU = Debug|Any CPU
		Release|Any CPU = Release|Any CPU
	EndGlobalSection
	GlobalSection(ProjectConfigurationPlatforms) = postSolution
		{EB4E17A1-0943-4026-9EED-B66C6CF738B0}.Debug|Any CPU.ActiveCfg = Debug|Any CPU
		{EB4E17A1-0943-4026-9EED-B66C6CF738B0}.Debug|Any CPU.Build.0 = Debug|Any CPU
		{EB4E17A1-0943-4026-9EED-B66C6CF738B0}.Release|Any CPU.ActiveCfg = Release|Any CPU
		{EB4E17A1-0943-4026-9EED-B66C6CF738B0}.Release|Any CPU.Build.0 = Release|Any CPU
	EndGlobalSection
	GlobalSection(SolutionProperties) = preSolution
		HideSolutionNode = FALSE
	EndGlobalSection
	GlobalSection(ExtensibilityGlobals) = postSolution
		SolutionGuid = {0DCE996B-33A6-4966-8FCB-E01B7C3E8EBA}
	EndGlobalSection
EndGlobal
