
Microsoft Visual Studio Solution File, Format Version 12.00
# Visual Studio Version 16
VisualStudioVersion = 16.0.31727.386
MinimumVisualStudioVersion = 10.0.40219.1
Project("{FAE04EC0-301F-11D3-BF4B-00C04F79EFBC}") = "GenericsAndLinq", "GenericsAndLinq.csproj", "{55B54D31-388C-47D6-99D8-BE8D8EDEEA69}"
EndProject
Global
	GlobalSection(SolutionConfigurationPlatforms) = preSolution
		Debug|Any CPU = Debug|Any CPU
		Release|Any CPU = Release|Any CPU
	EndGlobalSection
	GlobalSection(ProjectConfigurationPlatforms) = postSolution
		{55B54D31-388C-47D6-99D8-BE8D8EDEEA69}.Debug|Any CPU.ActiveCfg = Debug|Any CPU
		{55B54D31-388C-47D6-99D8-BE8D8EDEEA69}.Debug|Any CPU.Build.0 = Debug|Any CPU
		{55B54D31-388C-47D6-99D8-BE8D8EDEEA69}.Release|Any CPU.ActiveCfg = Release|Any CPU
		{55B54D31-388C-47D6-99D8-BE8D8EDEEA69}.Release|Any CPU.Build.0 = Release|Any CPU
	EndGlobalSection
	GlobalSection(SolutionProperties) = preSolution
		HideSolutionNode = FALSE
	EndGlobalSection
	GlobalSection(ExtensibilityGlobals) = postSolution
		SolutionGuid = {634D20C4-5CB8-4FBF-A05D-C4C657E8A41C}
	EndGlobalSection
EndGlobal
