
Microsoft Visual Studio Solution File, Format Version 12.00
# Visual Studio Version 16
VisualStudioVersion = 16.0.31624.102
MinimumVisualStudioVersion = 10.0.40219.1
Project("{FAE04EC0-301F-11D3-BF4B-00C04F79EFBC}") = "BicycleRenting", "BicycleRenting.csproj", "{47F673DB-1202-432F-873E-821239BC5196}"
EndProject
Global
	GlobalSection(SolutionConfigurationPlatforms) = preSolution
		Debug|Any CPU = Debug|Any CPU
		Release|Any CPU = Release|Any CPU
	EndGlobalSection
	GlobalSection(ProjectConfigurationPlatforms) = postSolution
		{47F673DB-1202-432F-873E-821239BC5196}.Debug|Any CPU.ActiveCfg = Debug|Any CPU
		{47F673DB-1202-432F-873E-821239BC5196}.Debug|Any CPU.Build.0 = Debug|Any CPU
		{47F673DB-1202-432F-873E-821239BC5196}.Release|Any CPU.ActiveCfg = Release|Any CPU
		{47F673DB-1202-432F-873E-821239BC5196}.Release|Any CPU.Build.0 = Release|Any CPU
	EndGlobalSection
	GlobalSection(SolutionProperties) = preSolution
		HideSolutionNode = FALSE
	EndGlobalSection
	GlobalSection(ExtensibilityGlobals) = postSolution
		SolutionGuid = {0EA884DF-D555-446F-8C18-CC518B8AD053}
	EndGlobalSection
EndGlobal
