
Microsoft Visual Studio Solution File, Format Version 12.00
# Visual Studio Version 16
VisualStudioVersion = 16.0.31613.86
MinimumVisualStudioVersion = 10.0.40219.1
Project("{FAE04EC0-301F-11D3-BF4B-00C04F79EFBC}") = "Grupparbete1", "Grupparbete1\Grupparbete1.csproj", "{0BF28DFE-BF25-450C-B524-D8CCEB41C768}"
EndProject
Global
	GlobalSection(SolutionConfigurationPlatforms) = preSolution
		Debug|Any CPU = Debug|Any CPU
		Release|Any CPU = Release|Any CPU
	EndGlobalSection
	GlobalSection(ProjectConfigurationPlatforms) = postSolution
		{0BF28DFE-BF25-450C-B524-D8CCEB41C768}.Debug|Any CPU.ActiveCfg = Debug|Any CPU
		{0BF28DFE-BF25-450C-B524-D8CCEB41C768}.Debug|Any CPU.Build.0 = Debug|Any CPU
		{0BF28DFE-BF25-450C-B524-D8CCEB41C768}.Release|Any CPU.ActiveCfg = Release|Any CPU
		{0BF28DFE-BF25-450C-B524-D8CCEB41C768}.Release|Any CPU.Build.0 = Release|Any CPU
	EndGlobalSection
	GlobalSection(SolutionProperties) = preSolution
		HideSolutionNode = FALSE
	EndGlobalSection
	GlobalSection(ExtensibilityGlobals) = postSolution
		SolutionGuid = {EC994B24-547A-4FA3-BEB1-043D5CD3FACD}
	EndGlobalSection
EndGlobal
