
Microsoft Visual Studio Solution File, Format Version 12.00
# Visual Studio Version 16
VisualStudioVersion = 16.0.31624.102
MinimumVisualStudioVersion = 10.0.40219.1
Project("{FAE04EC0-301F-11D3-BF4B-00C04F79EFBC}") = "CarRental", "CarRental.csproj", "{BE9E1600-5A9B-4A5E-8762-982F5D1B960E}"
EndProject
Global
	GlobalSection(SolutionConfigurationPlatforms) = preSolution
		Debug|Any CPU = Debug|Any CPU
		Release|Any CPU = Release|Any CPU
	EndGlobalSection
	GlobalSection(ProjectConfigurationPlatforms) = postSolution
		{BE9E1600-5A9B-4A5E-8762-982F5D1B960E}.Debug|Any CPU.ActiveCfg = Debug|Any CPU
		{BE9E1600-5A9B-4A5E-8762-982F5D1B960E}.Debug|Any CPU.Build.0 = Debug|Any CPU
		{BE9E1600-5A9B-4A5E-8762-982F5D1B960E}.Release|Any CPU.ActiveCfg = Release|Any CPU
		{BE9E1600-5A9B-4A5E-8762-982F5D1B960E}.Release|Any CPU.Build.0 = Release|Any CPU
	EndGlobalSection
	GlobalSection(SolutionProperties) = preSolution
		HideSolutionNode = FALSE
	EndGlobalSection
	GlobalSection(ExtensibilityGlobals) = postSolution
		SolutionGuid = {D0A8D33B-FD69-40E5-8BD0-24C58D2E0EFF}
	EndGlobalSection
EndGlobal
